
Microsoft Visual Studio Solution File, Format Version 12.00
# Visual Studio Version 17
VisualStudioVersion = 17.10.35013.160
MinimumVisualStudioVersion = 10.0.40219.1
Project("{FAE04EC0-301F-11D3-BF4B-00C04F79EFBC}") = "WepAPICoreTasks", "WepAPICoreTasks\WepAPICoreTasks.csproj", "{7A75F23F-5FF7-4934-9A18-3724E515E9D2}"
EndProject
Global
	GlobalSection(SolutionConfigurationPlatforms) = preSolution
		Debug|Any CPU = Debug|Any CPU
		Release|Any CPU = Release|Any CPU
	EndGlobalSection
	GlobalSection(ProjectConfigurationPlatforms) = postSolution
		{7A75F23F-5FF7-4934-9A18-3724E515E9D2}.Debug|Any CPU.ActiveCfg = Debug|Any CPU
		{7A75F23F-5FF7-4934-9A18-3724E515E9D2}.Debug|Any CPU.Build.0 = Debug|Any CPU
		{7A75F23F-5FF7-4934-9A18-3724E515E9D2}.Release|Any CPU.ActiveCfg = Release|Any CPU
		{7A75F23F-5FF7-4934-9A18-3724E515E9D2}.Release|Any CPU.Build.0 = Release|Any CPU
	EndGlobalSection
	GlobalSection(SolutionProperties) = preSolution
		HideSolutionNode = FALSE
	EndGlobalSection
	GlobalSection(ExtensibilityGlobals) = postSolution
		SolutionGuid = {86F1C898-CBE0-4991-91B6-ABADDA2D6D18}
	EndGlobalSection
EndGlobal
